
Microsoft Visual Studio Solution File, Format Version 11.00
# Visual Studio 2010
Project("{FAE04EC0-301F-11D3-BF4B-00C04F79EFBC}") = "SvgImport", "SvgImport\SvgImport.csproj", "{77218A35-CB28-43F6-A6E8-F050A1863CAF}"
EndProject
Global
	GlobalSection(SolutionConfigurationPlatforms) = preSolution
		Debug|x86 = Debug|x86
		Release|x86 = Release|x86
	EndGlobalSection
	GlobalSection(ProjectConfigurationPlatforms) = postSolution
		{77218A35-CB28-43F6-A6E8-F050A1863CAF}.Debug|x86.ActiveCfg = Debug|x86
		{77218A35-CB28-43F6-A6E8-F050A1863CAF}.Debug|x86.Build.0 = Debug|x86
		{77218A35-CB28-43F6-A6E8-F050A1863CAF}.Release|x86.ActiveCfg = Release|x86
		{77218A35-CB28-43F6-A6E8-F050A1863CAF}.Release|x86.Build.0 = Release|x86
	EndGlobalSection
	GlobalSection(SolutionProperties) = preSolution
		HideSolutionNode = FALSE
	EndGlobalSection
EndGlobal
